// !$*UTF8*$!
{
	archiveVersion = 1;
	classes = {
	};
	objectVersion = 46;
	objects = {

/* Begin PBXBuildFile section */
		9D3924D31C0C1A650055B2EE /* main.m in Sources */ = {isa = PBXBuildFile; fileRef = 9D3924D21C0C1A650055B2EE /* main.m */; };
		9D3924D61C0C1A650055B2EE /* AppDelegate.m in Sources */ = {isa = PBXBuildFile; fileRef = 9D3924D51C0C1A650055B2EE /* AppDelegate.m */; };
		9D3924D91C0C1A650055B2EE /* ViewController.m in Sources */ = {isa = PBXBuildFile; fileRef = 9D3924D81C0C1A650055B2EE /* ViewController.m */; };
		9D3924DC1C0C1A650055B2EE /* Main.storyboard in Resources */ = {isa = PBXBuildFile; fileRef = 9D3924DA1C0C1A650055B2EE /* Main.storyboard */; };
		9D3924DE1C0C1A650055B2EE /* Assets.xcassets in Resources */ = {isa = PBXBuildFile; fileRef = 9D3924DD1C0C1A650055B2EE /* Assets.xcassets */; };
		9D3924E11C0C1A650055B2EE /* LaunchScreen.storyboard in Resources */ = {isa = PBXBuildFile; fileRef = 9D3924DF1C0C1A650055B2EE /* LaunchScreen.storyboard */; };
		9D39251C1C0C1B1F0055B2EE /* 1.jpg in Resources */ = {isa = PBXBuildFile; fileRef = 9D3925041C0C1B1F0055B2EE /* 1.jpg */; };
		9D39251D1C0C1B1F0055B2EE /* 2.jpg in Resources */ = {isa = PBXBuildFile; fileRef = 9D3925051C0C1B1F0055B2EE /* 2.jpg */; };
		9D39251E1C0C1B1F0055B2EE /* TencentOpenAPI.framework in Frameworks */ = {isa = PBXBuildFile; fileRef = 9D3925081C0C1B1F0055B2EE /* TencentOpenAPI.framework */; };
		9D39251F1C0C1B1F0055B2EE /* TencentOpenApi_IOS_Bundle.bundle in Resources */ = {isa = PBXBuildFile; fileRef = 9D3925091C0C1B1F0055B2EE /* TencentOpenApi_IOS_Bundle.bundle */; };
		9D3925201C0C1B1F0055B2EE /* libWeChatSDK.a in Frameworks */ = {isa = PBXBuildFile; fileRef = 9D39250B1C0C1B1F0055B2EE /* libWeChatSDK.a */; };
		9D3925211C0C1B1F0055B2EE /* read_me.txt in Resources */ = {isa = PBXBuildFile; fileRef = 9D39250C1C0C1B1F0055B2EE /* read_me.txt */; };
		9D3925221C0C1B1F0055B2EE /* libWeiboSDK.a in Frameworks */ = {isa = PBXBuildFile; fileRef = 9D3925101C0C1B1F0055B2EE /* libWeiboSDK.a */; };
		9D3925231C0C1B1F0055B2EE /* WeiboSDK.bundle in Resources */ = {isa = PBXBuildFile; fileRef = 9D3925191C0C1B1F0055B2EE /* WeiboSDK.bundle */; };
		9D4E00211D2B890500091FDD /* LCShareManager.m in Sources */ = {isa = PBXBuildFile; fileRef = 9D4E00201D2B890500091FDD /* LCShareManager.m */; };
		9D4E002B1D2B930F00091FDD /* LCWeiboObject.m in Sources */ = {isa = PBXBuildFile; fileRef = 9D4E002A1D2B930F00091FDD /* LCWeiboObject.m */; };
		9D4E002E1D2B933200091FDD /* LCWechatObject.m in Sources */ = {isa = PBXBuildFile; fileRef = 9D4E002D1D2B933200091FDD /* LCWechatObject.m */; };
		9D4E00311D2B934800091FDD /* LCQQObject.m in Sources */ = {isa = PBXBuildFile; fileRef = 9D4E00301D2B934800091FDD /* LCQQObject.m */; };
		9D4E00341D2B941300091FDD /* LCPlatformObject.m in Sources */ = {isa = PBXBuildFile; fileRef = 9D4E00331D2B941300091FDD /* LCPlatformObject.m */; };
		9D4E00371D2B999F00091FDD /* LCLoginInfo.m in Sources */ = {isa = PBXBuildFile; fileRef = 9D4E00361D2B999F00091FDD /* LCLoginInfo.m */; };
		9D4E00391D2BA5CC00091FDD /* Security.framework in Frameworks */ = {isa = PBXBuildFile; fileRef = 9D4E00381D2BA5CC00091FDD /* Security.framework */; };
		9D4E003B1D2BA5DC00091FDD /* libiconv.tbd in Frameworks */ = {isa = PBXBuildFile; fileRef = 9D4E003A1D2BA5DC00091FDD /* libiconv.tbd */; };
		9D4E003D1D2BA5ED00091FDD /* SystemConfiguration.framework in Frameworks */ = {isa = PBXBuildFile; fileRef = 9D4E003C1D2BA5ED00091FDD /* SystemConfiguration.framework */; };
		9D4E003F1D2BA60100091FDD /* CoreGraphics.framework in Frameworks */ = {isa = PBXBuildFile; fileRef = 9D4E003E1D2BA60100091FDD /* CoreGraphics.framework */; };
		9D4E00411D2BA60F00091FDD /* libsqlite3.tbd in Frameworks */ = {isa = PBXBuildFile; fileRef = 9D4E00401D2BA60F00091FDD /* libsqlite3.tbd */; };
		9D4E00431D2BA61F00091FDD /* CoreTelephony.framework in Frameworks */ = {isa = PBXBuildFile; fileRef = 9D4E00421D2BA61F00091FDD /* CoreTelephony.framework */; };
		9D4E00451D2BA62C00091FDD /* libstdc++.tbd in Frameworks */ = {isa = PBXBuildFile; fileRef = 9D4E00441D2BA62C00091FDD /* libstdc++.tbd */; };
		9D4E00471D2BA63700091FDD /* libz.tbd in Frameworks */ = {isa = PBXBuildFile; fileRef = 9D4E00461D2BA63700091FDD /* libz.tbd */; };
/* End PBXBuildFile section */

/* Begin PBXFileReference section */
		9D3924CE1C0C1A650055B2EE /* LCShareKit.app */ = {isa = PBXFileReference; explicitFileType = wrapper.application; includeInIndex = 0; path = LCShareKit.app; sourceTree = BUILT_PRODUCTS_DIR; };
		9D3924D21C0C1A650055B2EE /* main.m */ = {isa = PBXFileReference; lastKnownFileType = sourcecode.c.objc; path = main.m; sourceTree = "<group>"; };
		9D3924D41C0C1A650055B2EE /* AppDelegate.h */ = {isa = PBXFileReference; lastKnownFileType = sourcecode.c.h; path = AppDelegate.h; sourceTree = "<group>"; };
		9D3924D51C0C1A650055B2EE /* AppDelegate.m */ = {isa = PBXFileReference; lastKnownFileType = sourcecode.c.objc; path = AppDelegate.m; sourceTree = "<group>"; };
		9D3924D71C0C1A650055B2EE /* ViewController.h */ = {isa = PBXFileReference; lastKnownFileType = sourcecode.c.h; path = ViewController.h; sourceTree = "<group>"; };
		9D3924D81C0C1A650055B2EE /* ViewController.m */ = {isa = PBXFileReference; lastKnownFileType = sourcecode.c.objc; path = ViewController.m; sourceTree = "<group>"; };
		9D3924DB1C0C1A650055B2EE /* Base */ = {isa = PBXFileReference; lastKnownFileType = file.storyboard; name = Base; path = Base.lproj/Main.storyboard; sourceTree = "<group>"; };
		9D3924DD1C0C1A650055B2EE /* Assets.xcassets */ = {isa = PBXFileReference; lastKnownFileType = folder.assetcatalog; path = Assets.xcassets; sourceTree = "<group>"; };
		9D3924E01C0C1A650055B2EE /* Base */ = {isa = PBXFileReference; lastKnownFileType = file.storyboard; name = Base; path = Base.lproj/LaunchScreen.storyboard; sourceTree = "<group>"; };
		9D3924E21C0C1A650055B2EE /* Info.plist */ = {isa = PBXFileReference; lastKnownFileType = text.plist.xml; path = Info.plist; sourceTree = "<group>"; };
		9D3925041C0C1B1F0055B2EE /* 1.jpg */ = {isa = PBXFileReference; lastKnownFileType = image.jpeg; path = 1.jpg; sourceTree = "<group>"; };
		9D3925051C0C1B1F0055B2EE /* 2.jpg */ = {isa = PBXFileReference; lastKnownFileType = image.jpeg; path = 2.jpg; sourceTree = "<group>"; };
		9D3925081C0C1B1F0055B2EE /* TencentOpenAPI.framework */ = {isa = PBXFileReference; lastKnownFileType = wrapper.framework; path = TencentOpenAPI.framework; sourceTree = "<group>"; };
		9D3925091C0C1B1F0055B2EE /* TencentOpenApi_IOS_Bundle.bundle */ = {isa = PBXFileReference; lastKnownFileType = "wrapper.plug-in"; path = TencentOpenApi_IOS_Bundle.bundle; sourceTree = "<group>"; };
		9D39250B1C0C1B1F0055B2EE /* libWeChatSDK.a */ = {isa = PBXFileReference; lastKnownFileType = archive.ar; path = libWeChatSDK.a; sourceTree = "<group>"; };
		9D39250C1C0C1B1F0055B2EE /* read_me.txt */ = {isa = PBXFileReference; fileEncoding = 4; lastKnownFileType = text; path = read_me.txt; sourceTree = "<group>"; };
		9D39250D1C0C1B1F0055B2EE /* WXApi.h */ = {isa = PBXFileReference; fileEncoding = 4; lastKnownFileType = sourcecode.c.h; path = WXApi.h; sourceTree = "<group>"; };
		9D39250E1C0C1B1F0055B2EE /* WXApiObject.h */ = {isa = PBXFileReference; fileEncoding = 4; lastKnownFileType = sourcecode.c.h; path = WXApiObject.h; sourceTree = "<group>"; };
		9D3925101C0C1B1F0055B2EE /* libWeiboSDK.a */ = {isa = PBXFileReference; lastKnownFileType = archive.ar; path = libWeiboSDK.a; sourceTree = "<group>"; };
		9D3925111C0C1B1F0055B2EE /* WBHttpRequest+WeiboGame.h */ = {isa = PBXFileReference; fileEncoding = 4; lastKnownFileType = sourcecode.c.h; path = "WBHttpRequest+WeiboGame.h"; sourceTree = "<group>"; };
		9D3925121C0C1B1F0055B2EE /* WBHttpRequest+WeiboShare.h */ = {isa = PBXFileReference; fileEncoding = 4; lastKnownFileType = sourcecode.c.h; path = "WBHttpRequest+WeiboShare.h"; sourceTree = "<group>"; };
		9D3925131C0C1B1F0055B2EE /* WBHttpRequest+WeiboToken.h */ = {isa = PBXFileReference; fileEncoding = 4; lastKnownFileType = sourcecode.c.h; path = "WBHttpRequest+WeiboToken.h"; sourceTree = "<group>"; };
		9D3925141C0C1B1F0055B2EE /* WBHttpRequest+WeiboUser.h */ = {isa = PBXFileReference; fileEncoding = 4; lastKnownFileType = sourcecode.c.h; path = "WBHttpRequest+WeiboUser.h"; sourceTree = "<group>"; };
		9D3925151C0C1B1F0055B2EE /* WBHttpRequest.h */ = {isa = PBXFileReference; fileEncoding = 4; lastKnownFileType = sourcecode.c.h; path = WBHttpRequest.h; sourceTree = "<group>"; };
		9D3925161C0C1B1F0055B2EE /* WBSDKBasicButton.h */ = {isa = PBXFileReference; fileEncoding = 4; lastKnownFileType = sourcecode.c.h; path = WBSDKBasicButton.h; sourceTree = "<group>"; };
		9D3925171C0C1B1F0055B2EE /* WBSDKCommentButton.h */ = {isa = PBXFileReference; fileEncoding = 4; lastKnownFileType = sourcecode.c.h; path = WBSDKCommentButton.h; sourceTree = "<group>"; };
		9D3925181C0C1B1F0055B2EE /* WBSDKRelationshipButton.h */ = {isa = PBXFileReference; fileEncoding = 4; lastKnownFileType = sourcecode.c.h; path = WBSDKRelationshipButton.h; sourceTree = "<group>"; };
		9D3925191C0C1B1F0055B2EE /* WeiboSDK.bundle */ = {isa = PBXFileReference; lastKnownFileType = "wrapper.plug-in"; path = WeiboSDK.bundle; sourceTree = "<group>"; };
		9D39251A1C0C1B1F0055B2EE /* WeiboSDK.h */ = {isa = PBXFileReference; fileEncoding = 4; lastKnownFileType = sourcecode.c.h; path = WeiboSDK.h; sourceTree = "<group>"; };
		9D39251B1C0C1B1F0055B2EE /* WeiboUser.h */ = {isa = PBXFileReference; fileEncoding = 4; lastKnownFileType = sourcecode.c.h; path = WeiboUser.h; sourceTree = "<group>"; };
		9D4E001F1D2B890500091FDD /* LCShareManager.h */ = {isa = PBXFileReference; fileEncoding = 4; lastKnownFileType = sourcecode.c.h; path = LCShareManager.h; sourceTree = "<group>"; };
		9D4E00201D2B890500091FDD /* LCShareManager.m */ = {isa = PBXFileReference; fileEncoding = 4; lastKnownFileType = sourcecode.c.objc; path = LCShareManager.m; sourceTree = "<group>"; };
		9D4E00251D2B913500091FDD /* LCShareDefine.h */ = {isa = PBXFileReference; lastKnownFileType = sourcecode.c.h; path = LCShareDefine.h; sourceTree = "<group>"; };
		9D4E00291D2B930F00091FDD /* LCWeiboObject.h */ = {isa = PBXFileReference; fileEncoding = 4; lastKnownFileType = sourcecode.c.h; path = LCWeiboObject.h; sourceTree = "<group>"; };
		9D4E002A1D2B930F00091FDD /* LCWeiboObject.m */ = {isa = PBXFileReference; fileEncoding = 4; lastKnownFileType = sourcecode.c.objc; path = LCWeiboObject.m; sourceTree = "<group>"; };
		9D4E002C1D2B933200091FDD /* LCWechatObject.h */ = {isa = PBXFileReference; fileEncoding = 4; lastKnownFileType = sourcecode.c.h; path = LCWechatObject.h; sourceTree = "<group>"; };
		9D4E002D1D2B933200091FDD /* LCWechatObject.m */ = {isa = PBXFileReference; fileEncoding = 4; lastKnownFileType = sourcecode.c.objc; path = LCWechatObject.m; sourceTree = "<group>"; };
		9D4E002F1D2B934800091FDD /* LCQQObject.h */ = {isa = PBXFileReference; fileEncoding = 4; lastKnownFileType = sourcecode.c.h; path = LCQQObject.h; sourceTree = "<group>"; };
		9D4E00301D2B934800091FDD /* LCQQObject.m */ = {isa = PBXFileReference; fileEncoding = 4; lastKnownFileType = sourcecode.c.objc; path = LCQQObject.m; sourceTree = "<group>"; };
		9D4E00321D2B941300091FDD /* LCPlatformObject.h */ = {isa = PBXFileReference; fileEncoding = 4; lastKnownFileType = sourcecode.c.h; path = LCPlatformObject.h; sourceTree = "<group>"; };
		9D4E00331D2B941300091FDD /* LCPlatformObject.m */ = {isa = PBXFileReference; fileEncoding = 4; lastKnownFileType = sourcecode.c.objc; path = LCPlatformObject.m; sourceTree = "<group>"; };
		9D4E00351D2B999F00091FDD /* LCLoginInfo.h */ = {isa = PBXFileReference; fileEncoding = 4; lastKnownFileType = sourcecode.c.h; path = LCLoginInfo.h; sourceTree = "<group>"; };
		9D4E00361D2B999F00091FDD /* LCLoginInfo.m */ = {isa = PBXFileReference; fileEncoding = 4; lastKnownFileType = sourcecode.c.objc; path = LCLoginInfo.m; sourceTree = "<group>"; };
		9D4E00381D2BA5CC00091FDD /* Security.framework */ = {isa = PBXFileReference; lastKnownFileType = wrapper.framework; name = Security.framework; path = System/Library/Frameworks/Security.framework; sourceTree = SDKROOT; };
		9D4E003A1D2BA5DC00091FDD /* libiconv.tbd */ = {isa = PBXFileReference; lastKnownFileType = "sourcecode.text-based-dylib-definition"; name = libiconv.tbd; path = usr/lib/libiconv.tbd; sourceTree = SDKROOT; };
		9D4E003C1D2BA5ED00091FDD /* SystemConfiguration.framework */ = {isa = PBXFileReference; lastKnownFileType = wrapper.framework; name = SystemConfiguration.framework; path = System/Library/Frameworks/SystemConfiguration.framework; sourceTree = SDKROOT; };
		9D4E003E1D2BA60100091FDD /* CoreGraphics.framework */ = {isa = PBXFileReference; lastKnownFileType = wrapper.framework; name = CoreGraphics.framework; path = System/Library/Frameworks/CoreGraphics.framework; sourceTree = SDKROOT; };
		9D4E00401D2BA60F00091FDD /* libsqlite3.tbd */ = {isa = PBXFileReference; lastKnownFileType = "sourcecode.text-based-dylib-definition"; name = libsqlite3.tbd; path = usr/lib/libsqlite3.tbd; sourceTree = SDKROOT; };
		9D4E00421D2BA61F00091FDD /* CoreTelephony.framework */ = {isa = PBXFileReference; lastKnownFileType = wrapper.framework; name = CoreTelephony.framework; path = System/Library/Frameworks/CoreTelephony.framework; sourceTree = SDKROOT; };
		9D4E00441D2BA62C00091FDD /* libstdc++.tbd */ = {isa = PBXFileReference; lastKnownFileType = "sourcecode.text-based-dylib-definition"; name = "libstdc++.tbd"; path = "usr/lib/libstdc++.tbd"; sourceTree = SDKROOT; };
		9D4E00461D2BA63700091FDD /* libz.tbd */ = {isa = PBXFileReference; lastKnownFileType = "sourcecode.text-based-dylib-definition"; name = libz.tbd; path = usr/lib/libz.tbd; sourceTree = SDKROOT; };
/* End PBXFileReference section */

/* Begin PBXFrameworksBuildPhase section */
		9D3924CB1C0C1A650055B2EE /* Frameworks */ = {
			isa = PBXFrameworksBuildPhase;
			buildActionMask = 2147483647;
			files = (
				9D4E00471D2BA63700091FDD /* libz.tbd in Frameworks */,
				9D4E00451D2BA62C00091FDD /* libstdc++.tbd in Frameworks */,
				9D4E00431D2BA61F00091FDD /* CoreTelephony.framework in Frameworks */,
				9D4E00411D2BA60F00091FDD /* libsqlite3.tbd in Frameworks */,
				9D4E003F1D2BA60100091FDD /* CoreGraphics.framework in Frameworks */,
				9D4E003D1D2BA5ED00091FDD /* SystemConfiguration.framework in Frameworks */,
				9D4E003B1D2BA5DC00091FDD /* libiconv.tbd in Frameworks */,
				9D4E00391D2BA5CC00091FDD /* Security.framework in Frameworks */,
				9D3925201C0C1B1F0055B2EE /* libWeChatSDK.a in Frameworks */,
				9D3925221C0C1B1F0055B2EE /* libWeiboSDK.a in Frameworks */,
				9D39251E1C0C1B1F0055B2EE /* TencentOpenAPI.framework in Frameworks */,
			);
			runOnlyForDeploymentPostprocessing = 0;
		};
/* End PBXFrameworksBuildPhase section */

/* Begin PBXGroup section */
		9D3924C51C0C1A650055B2EE = {
			isa = PBXGroup;
			children = (
				9D4E00461D2BA63700091FDD /* libz.tbd */,
				9D4E00441D2BA62C00091FDD /* libstdc++.tbd */,
				9D4E00421D2BA61F00091FDD /* CoreTelephony.framework */,
				9D4E00401D2BA60F00091FDD /* libsqlite3.tbd */,
				9D4E003E1D2BA60100091FDD /* CoreGraphics.framework */,
				9D4E003C1D2BA5ED00091FDD /* SystemConfiguration.framework */,
				9D4E003A1D2BA5DC00091FDD /* libiconv.tbd */,
				9D4E00381D2BA5CC00091FDD /* Security.framework */,
				9D3924D01C0C1A650055B2EE /* LCShareKit */,
				9D3924CF1C0C1A650055B2EE /* Products */,
			);
			sourceTree = "<group>";
		};
		9D3924CF1C0C1A650055B2EE /* Products */ = {
			isa = PBXGroup;
			children = (
				9D3924CE1C0C1A650055B2EE /* LCShareKit.app */,
			);
			name = Products;
			sourceTree = "<group>";
		};
		9D3924D01C0C1A650055B2EE /* LCShareKit */ = {
			isa = PBXGroup;
			children = (
				9D4E001E1D2B885D00091FDD /* LCShareKit */,
				9D3924D41C0C1A650055B2EE /* AppDelegate.h */,
				9D3924D51C0C1A650055B2EE /* AppDelegate.m */,
				9D3924D71C0C1A650055B2EE /* ViewController.h */,
				9D3924D81C0C1A650055B2EE /* ViewController.m */,
				9D3924DA1C0C1A650055B2EE /* Main.storyboard */,
				9D3924DD1C0C1A650055B2EE /* Assets.xcassets */,
				9D3924DF1C0C1A650055B2EE /* LaunchScreen.storyboard */,
				9D3924E21C0C1A650055B2EE /* Info.plist */,
				9D3924D11C0C1A650055B2EE /* Supporting Files */,
			);
			path = LCShareKit;
			sourceTree = "<group>";
		};
		9D3924D11C0C1A650055B2EE /* Supporting Files */ = {
			isa = PBXGroup;
			children = (
				9D3925031C0C1B1F0055B2EE /* Resource */,
				9D3924D21C0C1A650055B2EE /* main.m */,
			);
			name = "Supporting Files";
			sourceTree = "<group>";
		};
		9D3925031C0C1B1F0055B2EE /* Resource */ = {
			isa = PBXGroup;
			children = (
				9D3925041C0C1B1F0055B2EE /* 1.jpg */,
				9D3925051C0C1B1F0055B2EE /* 2.jpg */,
				9D3925071C0C1B1F0055B2EE /* QQSDK */,
				9D39250A1C0C1B1F0055B2EE /* WechatSDK */,
				9D39250F1C0C1B1F0055B2EE /* WeiboSDK */,
			);
			path = Resource;
			sourceTree = "<group>";
		};
		9D3925071C0C1B1F0055B2EE /* QQSDK */ = {
			isa = PBXGroup;
			children = (
				9D3925081C0C1B1F0055B2EE /* TencentOpenAPI.framework */,
				9D3925091C0C1B1F0055B2EE /* TencentOpenApi_IOS_Bundle.bundle */,
			);
			path = QQSDK;
			sourceTree = "<group>";
		};
		9D39250A1C0C1B1F0055B2EE /* WechatSDK */ = {
			isa = PBXGroup;
			children = (
				9D39250B1C0C1B1F0055B2EE /* libWeChatSDK.a */,
				9D39250C1C0C1B1F0055B2EE /* read_me.txt */,
				9D39250D1C0C1B1F0055B2EE /* WXApi.h */,
				9D39250E1C0C1B1F0055B2EE /* WXApiObject.h */,
			);
			path = WechatSDK;
			sourceTree = "<group>";
		};
		9D39250F1C0C1B1F0055B2EE /* WeiboSDK */ = {
			isa = PBXGroup;
			children = (
				9D3925101C0C1B1F0055B2EE /* libWeiboSDK.a */,
				9D3925111C0C1B1F0055B2EE /* WBHttpRequest+WeiboGame.h */,
				9D3925121C0C1B1F0055B2EE /* WBHttpRequest+WeiboShare.h */,
				9D3925131C0C1B1F0055B2EE /* WBHttpRequest+WeiboToken.h */,
				9D3925141C0C1B1F0055B2EE /* WBHttpRequest+WeiboUser.h */,
				9D3925151C0C1B1F0055B2EE /* WBHttpRequest.h */,
				9D3925161C0C1B1F0055B2EE /* WBSDKBasicButton.h */,
				9D3925171C0C1B1F0055B2EE /* WBSDKCommentButton.h */,
				9D3925181C0C1B1F0055B2EE /* WBSDKRelationshipButton.h */,
				9D3925191C0C1B1F0055B2EE /* WeiboSDK.bundle */,
				9D39251A1C0C1B1F0055B2EE /* WeiboSDK.h */,
				9D39251B1C0C1B1F0055B2EE /* WeiboUser.h */,
			);
			path = WeiboSDK;
			sourceTree = "<group>";
		};
		9D4E001E1D2B885D00091FDD /* LCShareKit */ = {
			isa = PBXGroup;
			children = (
				9D4E00261D2B92F100091FDD /* QQ */,
				9D4E00271D2B92F100091FDD /* Wechat */,
				9D4E00281D2B92F100091FDD /* Weibo */,
				9D4E001F1D2B890500091FDD /* LCShareManager.h */,
				9D4E00201D2B890500091FDD /* LCShareManager.m */,
				9D4E00251D2B913500091FDD /* LCShareDefine.h */,
				9D4E00321D2B941300091FDD /* LCPlatformObject.h */,
				9D4E00331D2B941300091FDD /* LCPlatformObject.m */,
				9D4E00351D2B999F00091FDD /* LCLoginInfo.h */,
				9D4E00361D2B999F00091FDD /* LCLoginInfo.m */,
			);
			path = LCShareKit;
			sourceTree = "<group>";
		};
		9D4E00261D2B92F100091FDD /* QQ */ = {
			isa = PBXGroup;
			children = (
				9D4E002F1D2B934800091FDD /* LCQQObject.h */,
				9D4E00301D2B934800091FDD /* LCQQObject.m */,
			);
			path = QQ;
			sourceTree = "<group>";
		};
		9D4E00271D2B92F100091FDD /* Wechat */ = {
			isa = PBXGroup;
			children = (
				9D4E002C1D2B933200091FDD /* LCWechatObject.h */,
				9D4E002D1D2B933200091FDD /* LCWechatObject.m */,
			);
			path = Wechat;
			sourceTree = "<group>";
		};
		9D4E00281D2B92F100091FDD /* Weibo */ = {
			isa = PBXGroup;
			children = (
				9D4E00291D2B930F00091FDD /* LCWeiboObject.h */,
				9D4E002A1D2B930F00091FDD /* LCWeiboObject.m */,
			);
			path = Weibo;
			sourceTree = "<group>";
		};
/* End PBXGroup section */

/* Begin PBXNativeTarget section */
		9D3924CD1C0C1A650055B2EE /* LCShareKit */ = {
			isa = PBXNativeTarget;
			buildConfigurationList = 9D3924E51C0C1A650055B2EE /* Build configuration list for PBXNativeTarget "LCShareKit" */;
			buildPhases = (
				9D3924CA1C0C1A650055B2EE /* Sources */,
				9D3924CB1C0C1A650055B2EE /* Frameworks */,
				9D3924CC1C0C1A650055B2EE /* Resources */,
			);
			buildRules = (
			);
			dependencies = (
			);
			name = LCShareKit;
			productName = LCShareKit;
			productReference = 9D3924CE1C0C1A650055B2EE /* LCShareKit.app */;
			productType = "com.apple.product-type.application";
		};
/* End PBXNativeTarget section */

/* Begin PBXProject section */
		9D3924C61C0C1A650055B2EE /* Project object */ = {
			isa = PBXProject;
			attributes = {
				LastUpgradeCheck = 0710;
				ORGANIZATIONNAME = bill;
				TargetAttributes = {
					9D3924CD1C0C1A650055B2EE = {
						CreatedOnToolsVersion = 7.1.1;
					};
				};
			};
			buildConfigurationList = 9D3924C91C0C1A650055B2EE /* Build configuration list for PBXProject "LCShareKit" */;
			compatibilityVersion = "Xcode 3.2";
			developmentRegion = English;
			hasScannedForEncodings = 0;
			knownRegions = (
				en,
				Base,
			);
			mainGroup = 9D3924C51C0C1A650055B2EE;
			productRefGroup = 9D3924CF1C0C1A650055B2EE /* Products */;
			projectDirPath = "";
			projectRoot = "";
			targets = (
				9D3924CD1C0C1A650055B2EE /* LCShareKit */,
			);
		};
/* End PBXProject section */

/* Begin PBXResourcesBuildPhase section */
		9D3924CC1C0C1A650055B2EE /* Resources */ = {
			isa = PBXResourcesBuildPhase;
			buildActionMask = 2147483647;
			files = (
				9D39251F1C0C1B1F0055B2EE /* TencentOpenApi_IOS_Bundle.bundle in Resources */,
				9D3924E11C0C1A650055B2EE /* LaunchScreen.storyboard in Resources */,
				9D39251C1C0C1B1F0055B2EE /* 1.jpg in Resources */,
				9D39251D1C0C1B1F0055B2EE /* 2.jpg in Resources */,
				9D3924DE1C0C1A650055B2EE /* Assets.xcassets in Resources */,
				9D3924DC1C0C1A650055B2EE /* Main.storyboard in Resources */,
				9D3925211C0C1B1F0055B2EE /* read_me.txt in Resources */,
				9D3925231C0C1B1F0055B2EE /* WeiboSDK.bundle in Resources */,
			);
			runOnlyForDeploymentPostprocessing = 0;
		};
/* End PBXResourcesBuildPhase section */

/* Begin PBXSourcesBuildPhase section */
		9D3924CA1C0C1A650055B2EE /* Sources */ = {
			isa = PBXSourcesBuildPhase;
			buildActionMask = 2147483647;
			files = (
				9D4E00341D2B941300091FDD /* LCPlatformObject.m in Sources */,
				9D4E00311D2B934800091FDD /* LCQQObject.m in Sources */,
				9D4E00211D2B890500091FDD /* LCShareManager.m in Sources */,
				9D3924D91C0C1A650055B2EE /* ViewController.m in Sources */,
				9D3924D61C0C1A650055B2EE /* AppDelegate.m in Sources */,
				9D4E00371D2B999F00091FDD /* LCLoginInfo.m in Sources */,
				9D4E002E1D2B933200091FDD /* LCWechatObject.m in Sources */,
				9D3924D31C0C1A650055B2EE /* main.m in Sources */,
				9D4E002B1D2B930F00091FDD /* LCWeiboObject.m in Sources */,
			);
			runOnlyForDeploymentPostprocessing = 0;
		};
/* End PBXSourcesBuildPhase section */

/* Begin PBXVariantGroup section */
		9D3924DA1C0C1A650055B2EE /* Main.storyboard */ = {
			isa = PBXVariantGroup;
			children = (
				9D3924DB1C0C1A650055B2EE /* Base */,
			);
			name = Main.storyboard;
			sourceTree = "<group>";
		};
		9D3924DF1C0C1A650055B2EE /* LaunchScreen.storyboard */ = {
			isa = PBXVariantGroup;
			children = (
				9D3924E01C0C1A650055B2EE /* Base */,
			);
			name = LaunchScreen.storyboard;
			sourceTree = "<group>";
		};
/* End PBXVariantGroup section */

/* Begin XCBuildConfiguration section */
		9D3924E31C0C1A650055B2EE /* Debug */ = {
			isa = XCBuildConfiguration;
			buildSettings = {
				ALWAYS_SEARCH_USER_PATHS = NO;
				CLANG_CXX_LANGUAGE_STANDARD = "gnu++0x";
				CLANG_CXX_LIBRARY = "libc++";
				CLANG_ENABLE_MODULES = YES;
				CLANG_ENABLE_OBJC_ARC = YES;
				CLANG_WARN_BOOL_CONVERSION = YES;
				CLANG_WARN_CONSTANT_CONVERSION = YES;
				CLANG_WARN_DIRECT_OBJC_ISA_USAGE = YES_ERROR;
				CLANG_WARN_EMPTY_BODY = YES;
				CLANG_WARN_ENUM_CONVERSION = YES;
				CLANG_WARN_INT_CONVERSION = YES;
				CLANG_WARN_OBJC_ROOT_CLASS = YES_ERROR;
				CLANG_WARN_UNREACHABLE_CODE = YES;
				CLANG_WARN__DUPLICATE_METHOD_MATCH = YES;
				"CODE_SIGN_IDENTITY[sdk=iphoneos*]" = "iPhone Developer";
				COPY_PHASE_STRIP = NO;
				DEBUG_INFORMATION_FORMAT = dwarf;
				ENABLE_STRICT_OBJC_MSGSEND = YES;
				ENABLE_TESTABILITY = YES;
				GCC_C_LANGUAGE_STANDARD = gnu99;
				GCC_DYNAMIC_NO_PIC = NO;
				GCC_NO_COMMON_BLOCKS = YES;
				GCC_OPTIMIZATION_LEVEL = 0;
				GCC_PREPROCESSOR_DEFINITIONS = (
					"DEBUG=1",
					"$(inherited)",
				);
				GCC_WARN_64_TO_32_BIT_CONVERSION = YES;
				GCC_WARN_ABOUT_RETURN_TYPE = YES_ERROR;
				GCC_WARN_UNDECLARED_SELECTOR = YES;
				GCC_WARN_UNINITIALIZED_AUTOS = YES_AGGRESSIVE;
				GCC_WARN_UNUSED_FUNCTION = YES;
				GCC_WARN_UNUSED_VARIABLE = YES;
				IPHONEOS_DEPLOYMENT_TARGET = 9.1;
				MTL_ENABLE_DEBUG_INFO = YES;
				ONLY_ACTIVE_ARCH = YES;
				SDKROOT = iphoneos;
				TARGETED_DEVICE_FAMILY = "1,2";
			};
			name = Debug;
		};
		9D3924E41C0C1A650055B2EE /* Release */ = {
			isa = XCBuildConfiguration;
			buildSettings = {
				ALWAYS_SEARCH_USER_PATHS = NO;
				CLANG_CXX_LANGUAGE_STANDARD = "gnu++0x";
				CLANG_CXX_LIBRARY = "libc++";
				CLANG_ENABLE_MODULES = YES;
				CLANG_ENABLE_OBJC_ARC = YES;
				CLANG_WARN_BOOL_CONVERSION = YES;
				CLANG_WARN_CONSTANT_CONVERSION = YES;
				CLANG_WARN_DIRECT_OBJC_ISA_USAGE = YES_ERROR;
				CLANG_WARN_EMPTY_BODY = YES;
				CLANG_WARN_ENUM_CONVERSION = YES;
				CLANG_WARN_INT_CONVERSION = YES;
				CLANG_WARN_OBJC_ROOT_CLASS = YES_ERROR;
				CLANG_WARN_UNREACHABLE_CODE = YES;
				CLANG_WARN__DUPLICATE_METHOD_MATCH = YES;
				"CODE_SIGN_IDENTITY[sdk=iphoneos*]" = "iPhone Developer";
				COPY_PHASE_STRIP = NO;
				DEBUG_INFORMATION_FORMAT = "dwarf-with-dsym";
				ENABLE_NS_ASSERTIONS = NO;
				ENABLE_STRICT_OBJC_MSGSEND = YES;
				GCC_C_LANGUAGE_STANDARD = gnu99;
				GCC_NO_COMMON_BLOCKS = YES;
				GCC_WARN_64_TO_32_BIT_CONVERSION = YES;
				GCC_WARN_ABOUT_RETURN_TYPE = YES_ERROR;
				GCC_WARN_UNDECLARED_SELECTOR = YES;
				GCC_WARN_UNINITIALIZED_AUTOS = YES_AGGRESSIVE;
				GCC_WARN_UNUSED_FUNCTION = YES;
				GCC_WARN_UNUSED_VARIABLE = YES;
				IPHONEOS_DEPLOYMENT_TARGET = 9.1;
				MTL_ENABLE_DEBUG_INFO = NO;
				SDKROOT = iphoneos;
				TARGETED_DEVICE_FAMILY = "1,2";
				VALIDATE_PRODUCT = YES;
			};
			name = Release;
		};
		9D3924E61C0C1A650055B2EE /* Debug */ = {
			isa = XCBuildConfiguration;
			buildSettings = {
				ASSETCATALOG_COMPILER_APPICON_NAME = AppIcon;
				FRAMEWORK_SEARCH_PATHS = (
					"$(inherited)",
					"$(PROJECT_DIR)/LCShareKit/QQSDK",
					"$(PROJECT_DIR)/LCShareKit/Resource/QQSDK",
				);
				INFOPLIST_FILE = LCShareKit/Info.plist;
				LD_RUNPATH_SEARCH_PATHS = "$(inherited) @executable_path/Frameworks";
				LIBRARY_SEARCH_PATHS = (
					"$(inherited)",
					"$(PROJECT_DIR)/LCShareKit/WechatSDK",
					"$(PROJECT_DIR)/LCShareKit/WeiboSDK",
					"$(PROJECT_DIR)/LCShareKit/Resource/WechatSDK",
					"$(PROJECT_DIR)/LCShareKit/Resource/WeiboSDK",
				);
				PRODUCT_BUNDLE_IDENTIFIER = "com.bill.-.LCShareKit";
				PRODUCT_NAME = "$(TARGET_NAME)";
			};
			name = Debug;
		};
		9D3924E71C0C1A650055B2EE /* Release */ = {
			isa = XCBuildConfiguration;
			buildSettings = {
				ASSETCATALOG_COMPILER_APPICON_NAME = AppIcon;
				FRAMEWORK_SEARCH_PATHS = (
					"$(inherited)",
					"$(PROJECT_DIR)/LCShareKit/QQSDK",
					"$(PROJECT_DIR)/LCShareKit/Resource/QQSDK",
				);
				INFOPLIST_FILE = LCShareKit/Info.plist;
				LD_RUNPATH_SEARCH_PATHS = "$(inherited) @executable_path/Frameworks";
				LIBRARY_SEARCH_PATHS = (
					"$(inherited)",
					"$(PROJECT_DIR)/LCShareKit/WechatSDK",
					"$(PROJECT_DIR)/LCShareKit/WeiboSDK",
					"$(PROJECT_DIR)/LCShareKit/Resource/WechatSDK",
					"$(PROJECT_DIR)/LCShareKit/Resource/WeiboSDK",
				);
				PRODUCT_BUNDLE_IDENTIFIER = "com.bill.-.LCShareKit";
				PRODUCT_NAME = "$(TARGET_NAME)";
			};
			name = Release;
		};
/* End XCBuildConfiguration section */

/* Begin XCConfigurationList section */
		9D3924C91C0C1A650055B2EE /* Build configuration list for PBXProject "LCShareKit" */ = {
			isa = XCConfigurationList;
			buildConfigurations = (
				9D3924E31C0C1A650055B2EE /* Debug */,
				9D3924E41C0C1A650055B2EE /* Release */,
			);
			defaultConfigurationIsVisible = 0;
			defaultConfigurationName = Release;
		};
		9D3924E51C0C1A650055B2EE /* Build configuration list for PBXNativeTarget "LCShareKit" */ = {
			isa = XCConfigurationList;
			buildConfigurations = (
				9D3924E61C0C1A650055B2EE /* Debug */,
				9D3924E71C0C1A650055B2EE /* Release */,
			);
			defaultConfigurationIsVisible = 0;
			defaultConfigurationName = Release;
		};
/* End XCConfigurationList section */
	};
	rootObject = 9D3924C61C0C1A650055B2EE /* Project object */;
}
